
Microsoft Visual Studio Solution File, Format Version 12.00
# Visual Studio Version 17
VisualStudioVersion = 17.0.31903.59
MinimumVisualStudioVersion = 10.0.40219.1
Project("{FAE04EC0-301F-11D3-BF4B-00C04F79EFBC}") = "task04", "task04\task04.csproj", "{6BA82FC7-4C03-4A4F-8EDE-2FFF9B667E7F}"
EndProject
Project("{FAE04EC0-301F-11D3-BF4B-00C04F79EFBC}") = "task04tests", "task04tests\task04tests.csproj", "{E30C1BE7-CAC3-4886-BC9F-7F4B12E979BD}"
EndProject
Global
	GlobalSection(SolutionConfigurationPlatforms) = preSolution
		Debug|Any CPU = Debug|Any CPU
		Release|Any CPU = Release|Any CPU
	EndGlobalSection
	GlobalSection(SolutionProperties) = preSolution
		HideSolutionNode = FALSE
	EndGlobalSection
	GlobalSection(ProjectConfigurationPlatforms) = postSolution
		{6BA82FC7-4C03-4A4F-8EDE-2FFF9B667E7F}.Debug|Any CPU.ActiveCfg = Debug|Any CPU
		{6BA82FC7-4C03-4A4F-8EDE-2FFF9B667E7F}.Debug|Any CPU.Build.0 = Debug|Any CPU
		{6BA82FC7-4C03-4A4F-8EDE-2FFF9B667E7F}.Release|Any CPU.ActiveCfg = Release|Any CPU
		{6BA82FC7-4C03-4A4F-8EDE-2FFF9B667E7F}.Release|Any CPU.Build.0 = Release|Any CPU
		{E30C1BE7-CAC3-4886-BC9F-7F4B12E979BD}.Debug|Any CPU.ActiveCfg = Debug|Any CPU
		{E30C1BE7-CAC3-4886-BC9F-7F4B12E979BD}.Debug|Any CPU.Build.0 = Debug|Any CPU
		{E30C1BE7-CAC3-4886-BC9F-7F4B12E979BD}.Release|Any CPU.ActiveCfg = Release|Any CPU
		{E30C1BE7-CAC3-4886-BC9F-7F4B12E979BD}.Release|Any CPU.Build.0 = Release|Any CPU
	EndGlobalSection
EndGlobal
